
Microsoft Visual Studio Solution File, Format Version 12.00
# Visual Studio Version 16
VisualStudioVersion = 16.0.32802.440
MinimumVisualStudioVersion = 10.0.40219.1
Project("{FAE04EC0-301F-11D3-BF4B-00C04F79EFBC}") = "MaquinaExpendedora", "MaquinaExpendedora\MaquinaExpendedora.csproj", "{D6352BAD-1649-435A-9F39-EECBB46F2458}"
EndProject
Global
	GlobalSection(SolutionConfigurationPlatforms) = preSolution
		Debug|Any CPU = Debug|Any CPU
		Release|Any CPU = Release|Any CPU
	EndGlobalSection
	GlobalSection(ProjectConfigurationPlatforms) = postSolution
		{D6352BAD-1649-435A-9F39-EECBB46F2458}.Debug|Any CPU.ActiveCfg = Debug|Any CPU
		{D6352BAD-1649-435A-9F39-EECBB46F2458}.Debug|Any CPU.Build.0 = Debug|Any CPU
		{D6352BAD-1649-435A-9F39-EECBB46F2458}.Release|Any CPU.ActiveCfg = Release|Any CPU
		{D6352BAD-1649-435A-9F39-EECBB46F2458}.Release|Any CPU.Build.0 = Release|Any CPU
	EndGlobalSection
	GlobalSection(SolutionProperties) = preSolution
		HideSolutionNode = FALSE
	EndGlobalSection
	GlobalSection(ExtensibilityGlobals) = postSolution
		SolutionGuid = {DE4358A3-024E-4F89-9BEA-AB6D46AC3CC7}
	EndGlobalSection
EndGlobal
